// !$*UTF8*$!
{
	archiveVersion = 1;
	classes = {
	};
	objectVersion = 50;
	objects = {

/* Begin PBXBuildFile section */
		CC0DF3692209EDD9006B0E0C /* Game.swift in Sources */ = {isa = PBXBuildFile; fileRef = CC0DF3682209EDD9006B0E0C /* Game.swift */; };
		CC0DF36B2209EDEC006B0E0C /* Appearance.swift in Sources */ = {isa = PBXBuildFile; fileRef = CC0DF36A2209EDEC006B0E0C /* Appearance.swift */; };
		CC0DF36D2209EDFD006B0E0C /* Board.swift in Sources */ = {isa = PBXBuildFile; fileRef = CC0DF36C2209EDFD006B0E0C /* Board.swift */; };
		CC0DF36F2209EE08006B0E0C /* Tile.swift in Sources */ = {isa = PBXBuildFile; fileRef = CC0DF36E2209EE08006B0E0C /* Tile.swift */; };
		CC0DF3712209EE1A006B0E0C /* Accessory.swift in Sources */ = {isa = PBXBuildFile; fileRef = CC0DF3702209EE1A006B0E0C /* Accessory.swift */; };
		CC0DF3732209EE2B006B0E0C /* GameModel.swift in Sources */ = {isa = PBXBuildFile; fileRef = CC0DF3722209EE2B006B0E0C /* GameModel.swift */; };
		CC0DF3752209EE3D006B0E0C /* AuxModel.swift in Sources */ = {isa = PBXBuildFile; fileRef = CC0DF3742209EE3D006B0E0C /* AuxModel.swift */; };
		CC0DF37A220B296A006B0E0C /* GameViewController.swift in Sources */ = {isa = PBXBuildFile; fileRef = CC0DF379220B296A006B0E0C /* GameViewController.swift */; };
		CCE9BB4E2205DC8F0065535A /* AppDelegate.swift in Sources */ = {isa = PBXBuildFile; fileRef = CCE9BB4D2205DC8F0065535A /* AppDelegate.swift */; };
		CCE9BB502205DC8F0065535A /* ViewController.swift in Sources */ = {isa = PBXBuildFile; fileRef = CCE9BB4F2205DC8F0065535A /* ViewController.swift */; };
		CCE9BB532205DC8F0065535A /* Main.storyboard in Resources */ = {isa = PBXBuildFile; fileRef = CCE9BB512205DC8F0065535A /* Main.storyboard */; };
		CCE9BB552205DC900065535A /* Assets.xcassets in Resources */ = {isa = PBXBuildFile; fileRef = CCE9BB542205DC900065535A /* Assets.xcassets */; };
		CCE9BB582205DC900065535A /* LaunchScreen.storyboard in Resources */ = {isa = PBXBuildFile; fileRef = CCE9BB562205DC900065535A /* LaunchScreen.storyboard */; };
/* End PBXBuildFile section */

/* Begin PBXFileReference section */
		CC0DF3682209EDD9006B0E0C /* Game.swift */ = {isa = PBXFileReference; lastKnownFileType = sourcecode.swift; path = Game.swift; sourceTree = "<group>"; };
		CC0DF36A2209EDEC006B0E0C /* Appearance.swift */ = {isa = PBXFileReference; lastKnownFileType = sourcecode.swift; path = Appearance.swift; sourceTree = "<group>"; };
		CC0DF36C2209EDFD006B0E0C /* Board.swift */ = {isa = PBXFileReference; lastKnownFileType = sourcecode.swift; path = Board.swift; sourceTree = "<group>"; };
		CC0DF36E2209EE08006B0E0C /* Tile.swift */ = {isa = PBXFileReference; lastKnownFileType = sourcecode.swift; path = Tile.swift; sourceTree = "<group>"; };
		CC0DF3702209EE1A006B0E0C /* Accessory.swift */ = {isa = PBXFileReference; lastKnownFileType = sourcecode.swift; path = Accessory.swift; sourceTree = "<group>"; };
		CC0DF3722209EE2B006B0E0C /* GameModel.swift */ = {isa = PBXFileReference; lastKnownFileType = sourcecode.swift; path = GameModel.swift; sourceTree = "<group>"; };
		CC0DF3742209EE3D006B0E0C /* AuxModel.swift */ = {isa = PBXFileReference; lastKnownFileType = sourcecode.swift; path = AuxModel.swift; sourceTree = "<group>"; };
		CC0DF379220B296A006B0E0C /* GameViewController.swift */ = {isa = PBXFileReference; lastKnownFileType = sourcecode.swift; path = GameViewController.swift; sourceTree = "<group>"; };
		CCE9BB4A2205DC8F0065535A /* 2048.app */ = {isa = PBXFileReference; explicitFileType = wrapper.application; includeInIndex = 0; path = 2048.app; sourceTree = BUILT_PRODUCTS_DIR; };
		CCE9BB4D2205DC8F0065535A /* AppDelegate.swift */ = {isa = PBXFileReference; lastKnownFileType = sourcecode.swift; path = AppDelegate.swift; sourceTree = "<group>"; };
		CCE9BB4F2205DC8F0065535A /* ViewController.swift */ = {isa = PBXFileReference; lastKnownFileType = sourcecode.swift; path = ViewController.swift; sourceTree = "<group>"; };
		CCE9BB522205DC8F0065535A /* Base */ = {isa = PBXFileReference; lastKnownFileType = file.storyboard; name = Base; path = Base.lproj/Main.storyboard; sourceTree = "<group>"; };
		CCE9BB542205DC900065535A /* Assets.xcassets */ = {isa = PBXFileReference; lastKnownFileType = folder.assetcatalog; path = Assets.xcassets; sourceTree = "<group>"; };
		CCE9BB572205DC900065535A /* Base */ = {isa = PBXFileReference; lastKnownFileType = file.storyboard; name = Base; path = Base.lproj/LaunchScreen.storyboard; sourceTree = "<group>"; };
		CCE9BB592205DC900065535A /* Info.plist */ = {isa = PBXFileReference; lastKnownFileType = text.plist.xml; path = Info.plist; sourceTree = "<group>"; };
/* End PBXFileReference section */

/* Begin PBXFrameworksBuildPhase section */
		CCE9BB472205DC8F0065535A /* Frameworks */ = {
			isa = PBXFrameworksBuildPhase;
			buildActionMask = 2147483647;
			files = (
			);
			runOnlyForDeploymentPostprocessing = 0;
		};
/* End PBXFrameworksBuildPhase section */

/* Begin PBXGroup section */
		CC0DF3672209EAFA006B0E0C /* Assets */ = {
			isa = PBXGroup;
			children = (
				CCE9BB4F2205DC8F0065535A /* ViewController.swift */,
				CCE9BB4D2205DC8F0065535A /* AppDelegate.swift */,
				CCE9BB512205DC8F0065535A /* Main.storyboard */,
				CCE9BB542205DC900065535A /* Assets.xcassets */,
				CCE9BB562205DC900065535A /* LaunchScreen.storyboard */,
			);
			path = Assets;
			sourceTree = "<group>";
		};
		CC0DF3762209EE52006B0E0C /* Views */ = {
			isa = PBXGroup;
			children = (
				CC0DF36C2209EDFD006B0E0C /* Board.swift */,
				CC0DF3702209EE1A006B0E0C /* Accessory.swift */,
				CC0DF36E2209EE08006B0E0C /* Tile.swift */,
			);
			path = Views;
			sourceTree = "<group>";
		};
		CC0DF3772209EE8E006B0E0C /* Models */ = {
			isa = PBXGroup;
			children = (
				CC0DF3722209EE2B006B0E0C /* GameModel.swift */,
				CC0DF3742209EE3D006B0E0C /* AuxModel.swift */,
			);
			path = Models;
			sourceTree = "<group>";
		};
		CC0DF3782209EEAF006B0E0C /* Game */ = {
			isa = PBXGroup;
			children = (
				CC0DF3682209EDD9006B0E0C /* Game.swift */,
				CC0DF36A2209EDEC006B0E0C /* Appearance.swift */,
			);
			path = Game;
			sourceTree = "<group>";
		};
		CCE9BB412205DC8F0065535A = {
			isa = PBXGroup;
			children = (
				CCE9BB4C2205DC8F0065535A /* 2048 */,
				CCE9BB4B2205DC8F0065535A /* Products */,
			);
			sourceTree = "<group>";
		};
		CCE9BB4B2205DC8F0065535A /* Products */ = {
			isa = PBXGroup;
			children = (
				CCE9BB4A2205DC8F0065535A /* 2048.app */,
			);
			name = Products;
			sourceTree = "<group>";
		};
		CCE9BB4C2205DC8F0065535A /* 2048 */ = {
			isa = PBXGroup;
			children = (
				CC0DF3782209EEAF006B0E0C /* Game */,
				CC0DF3762209EE52006B0E0C /* Views */,
				CC0DF3672209EAFA006B0E0C /* Assets */,
				CC0DF3772209EE8E006B0E0C /* Models */,
				CCE9BB592205DC900065535A /* Info.plist */,
				CC0DF379220B296A006B0E0C /* GameViewController.swift */,
			);
			path = 2048;
			sourceTree = "<group>";
		};
/* End PBXGroup section */

/* Begin PBXNativeTarget section */
		CCE9BB492205DC8F0065535A /* 2048 */ = {
			isa = PBXNativeTarget;
			buildConfigurationList = CCE9BB5C2205DC900065535A /* Build configuration list for PBXNativeTarget "2048" */;
			buildPhases = (
				CCE9BB462205DC8F0065535A /* Sources */,
				CCE9BB472205DC8F0065535A /* Frameworks */,
				CCE9BB482205DC8F0065535A /* Resources */,
			);
			buildRules = (
			);
			dependencies = (
			);
			name = 2048;
			productName = 2048;
			productReference = CCE9BB4A2205DC8F0065535A /* 2048.app */;
			productType = "com.apple.product-type.application";
		};
/* End PBXNativeTarget section */

/* Begin PBXProject section */
		CCE9BB422205DC8F0065535A /* Project object */ = {
			isa = PBXProject;
			attributes = {
				LastSwiftUpdateCheck = 1010;
				LastUpgradeCheck = 1010;
				ORGANIZATIONNAME = "Yash Patel";
				TargetAttributes = {
					CCE9BB492205DC8F0065535A = {
						CreatedOnToolsVersion = 10.1;
					};
				};
			};
			buildConfigurationList = CCE9BB452205DC8F0065535A /* Build configuration list for PBXProject "2048" */;
			compatibilityVersion = "Xcode 9.3";
			developmentRegion = en;
			hasScannedForEncodings = 0;
			knownRegions = (
				en,
				Base,
			);
			mainGroup = CCE9BB412205DC8F0065535A;
			productRefGroup = CCE9BB4B2205DC8F0065535A /* Products */;
			projectDirPath = "";
			projectRoot = "";
			targets = (
				CCE9BB492205DC8F0065535A /* 2048 */,
			);
		};
/* End PBXProject section */

/* Begin PBXResourcesBuildPhase section */
		CCE9BB482205DC8F0065535A /* Resources */ = {
			isa = PBXResourcesBuildPhase;
			buildActionMask = 2147483647;
			files = (
				CCE9BB582205DC900065535A /* LaunchScreen.storyboard in Resources */,
				CCE9BB552205DC900065535A /* Assets.xcassets in Resources */,
				CCE9BB532205DC8F0065535A /* Main.storyboard in Resources */,
			);
			runOnlyForDeploymentPostprocessing = 0;
		};
/* End PBXResourcesBuildPhase section */

/* Begin PBXSourcesBuildPhase section */
		CCE9BB462205DC8F0065535A /* Sources */ = {
			isa = PBXSourcesBuildPhase;
			buildActionMask = 2147483647;
			files = (
				CC0DF37A220B296A006B0E0C /* GameViewController.swift in Sources */,
				CCE9BB502205DC8F0065535A /* ViewController.swift in Sources */,
				CC0DF3712209EE1A006B0E0C /* Accessory.swift in Sources */,
				CC0DF3692209EDD9006B0E0C /* Game.swift in Sources */,
				CC0DF3752209EE3D006B0E0C /* AuxModel.swift in Sources */,
				CC0DF36D2209EDFD006B0E0C /* Board.swift in Sources */,
				CC0DF36F2209EE08006B0E0C /* Tile.swift in Sources */,
				CC0DF3732209EE2B006B0E0C /* GameModel.swift in Sources */,
				CCE9BB4E2205DC8F0065535A /* AppDelegate.swift in Sources */,
				CC0DF36B2209EDEC006B0E0C /* Appearance.swift in Sources */,
			);
			runOnlyForDeploymentPostprocessing = 0;
		};
/* End PBXSourcesBuildPhase section */

/* Begin PBXVariantGroup section */
		CCE9BB512205DC8F0065535A /* Main.storyboard */ = {
			isa = PBXVariantGroup;
			children = (
				CCE9BB522205DC8F0065535A /* Base */,
			);
			name = Main.storyboard;
			sourceTree = "<group>";
		};
		CCE9BB562205DC900065535A /* LaunchScreen.storyboard */ = {
			isa = PBXVariantGroup;
			children = (
				CCE9BB572205DC900065535A /* Base */,
			);
			name = LaunchScreen.storyboard;
			sourceTree = "<group>";
		};
/* End PBXVariantGroup section */

/* Begin XCBuildConfiguration section */
		CCE9BB5A2205DC900065535A /* Debug */ = {
			isa = XCBuildConfiguration;
			buildSettings = {
				ALWAYS_SEARCH_USER_PATHS = NO;
				CLANG_ANALYZER_NONNULL = YES;
				CLANG_ANALYZER_NUMBER_OBJECT_CONVERSION = YES_AGGRESSIVE;
				CLANG_CXX_LANGUAGE_STANDARD = "gnu++14";
				CLANG_CXX_LIBRARY = "libc++";
				CLANG_ENABLE_MODULES = YES;
				CLANG_ENABLE_OBJC_ARC = YES;
				CLANG_ENABLE_OBJC_WEAK = YES;
				CLANG_WARN_BLOCK_CAPTURE_AUTORELEASING = YES;
				CLANG_WARN_BOOL_CONVERSION = YES;
				CLANG_WARN_COMMA = YES;
				CLANG_WARN_CONSTANT_CONVERSION = YES;
				CLANG_WARN_DEPRECATED_OBJC_IMPLEMENTATIONS = YES;
				CLANG_WARN_DIRECT_OBJC_ISA_USAGE = YES_ERROR;
				CLANG_WARN_DOCUMENTATION_COMMENTS = YES;
				CLANG_WARN_EMPTY_BODY = YES;
				CLANG_WARN_ENUM_CONVERSION = YES;
				CLANG_WARN_INFINITE_RECURSION = YES;
				CLANG_WARN_INT_CONVERSION = YES;
				CLANG_WARN_NON_LITERAL_NULL_CONVERSION = YES;
				CLANG_WARN_OBJC_IMPLICIT_RETAIN_SELF = YES;
				CLANG_WARN_OBJC_LITERAL_CONVERSION = YES;
				CLANG_WARN_OBJC_ROOT_CLASS = YES_ERROR;
				CLANG_WARN_RANGE_LOOP_ANALYSIS = YES;
				CLANG_WARN_STRICT_PROTOTYPES = YES;
				CLANG_WARN_SUSPICIOUS_MOVE = YES;
				CLANG_WARN_UNGUARDED_AVAILABILITY = YES_AGGRESSIVE;
				CLANG_WARN_UNREACHABLE_CODE = YES;
				CLANG_WARN__DUPLICATE_METHOD_MATCH = YES;
				CODE_SIGN_IDENTITY = "iPhone Developer";
				COPY_PHASE_STRIP = NO;
				DEBUG_INFORMATION_FORMAT = dwarf;
				ENABLE_STRICT_OBJC_MSGSEND = YES;
				ENABLE_TESTABILITY = YES;
				GCC_C_LANGUAGE_STANDARD = gnu11;
				GCC_DYNAMIC_NO_PIC = NO;
				GCC_NO_COMMON_BLOCKS = YES;
				GCC_OPTIMIZATION_LEVEL = 0;
				GCC_PREPROCESSOR_DEFINITIONS = (
					"DEBUG=1",
					"$(inherited)",
				);
				GCC_WARN_64_TO_32_BIT_CONVERSION = YES;
				GCC_WARN_ABOUT_RETURN_TYPE = YES_ERROR;
				GCC_WARN_UNDECLARED_SELECTOR = YES;
				GCC_WARN_UNINITIALIZED_AUTOS = YES_AGGRESSIVE;
				GCC_WARN_UNUSED_FUNCTION = YES;
				GCC_WARN_UNUSED_VARIABLE = YES;
				IPHONEOS_DEPLOYMENT_TARGET = 12.1;
				MTL_ENABLE_DEBUG_INFO = INCLUDE_SOURCE;
				MTL_FAST_MATH = YES;
				ONLY_ACTIVE_ARCH = YES;
				SDKROOT = iphoneos;
				SWIFT_ACTIVE_COMPILATION_CONDITIONS = DEBUG;
				SWIFT_OPTIMIZATION_LEVEL = "-Onone";
			};
			name = Debug;
		};
		CCE9BB5B2205DC900065535A /* Release */ = {
			isa = XCBuildConfiguration;
			buildSettings = {
				ALWAYS_SEARCH_USER_PATHS = NO;
				CLANG_ANALYZER_NONNULL = YES;
				CLANG_ANALYZER_NUMBER_OBJECT_CONVERSION = YES_AGGRESSIVE;
				CLANG_CXX_LANGUAGE_STANDARD = "gnu++14";
				CLANG_CXX_LIBRARY = "libc++";
				CLANG_ENABLE_MODULES = YES;
				CLANG_ENABLE_OBJC_ARC = YES;
				CLANG_ENABLE_OBJC_WEAK = YES;
				CLANG_WARN_BLOCK_CAPTURE_AUTORELEASING = YES;
				CLANG_WARN_BOOL_CONVERSION = YES;
				CLANG_WARN_COMMA = YES;
				CLANG_WARN_CONSTANT_CONVERSION = YES;
				CLANG_WARN_DEPRECATED_OBJC_IMPLEMENTATIONS = YES;
				CLANG_WARN_DIRECT_OBJC_ISA_USAGE = YES_ERROR;
				CLANG_WARN_DOCUMENTATION_COMMENTS = YES;
				CLANG_WARN_EMPTY_BODY = YES;
				CLANG_WARN_ENUM_CONVERSION = YES;
				CLANG_WARN_INFINITE_RECURSION = YES;
				CLANG_WARN_INT_CONVERSION = YES;
				CLANG_WARN_NON_LITERAL_NULL_CONVERSION = YES;
				CLANG_WARN_OBJC_IMPLICIT_RETAIN_SELF = YES;
				CLANG_WARN_OBJC_LITERAL_CONVERSION = YES;
				CLANG_WARN_OBJC_ROOT_CLASS = YES_ERROR;
				CLANG_WARN_RANGE_LOOP_ANALYSIS = YES;
				CLANG_WARN_STRICT_PROTOTYPES = YES;
				CLANG_WARN_SUSPICIOUS_MOVE = YES;
				CLANG_WARN_UNGUARDED_AVAILABILITY = YES_AGGRESSIVE;
				CLANG_WARN_UNREACHABLE_CODE = YES;
				CLANG_WARN__DUPLICATE_METHOD_MATCH = YES;
				CODE_SIGN_IDENTITY = "iPhone Developer";
				COPY_PHASE_STRIP = NO;
				DEBUG_INFORMATION_FORMAT = "dwarf-with-dsym";
				ENABLE_NS_ASSERTIONS = NO;
				ENABLE_STRICT_OBJC_MSGSEND = YES;
				GCC_C_LANGUAGE_STANDARD = gnu11;
				GCC_NO_COMMON_BLOCKS = YES;
				GCC_WARN_64_TO_32_BIT_CONVERSION = YES;
				GCC_WARN_ABOUT_RETURN_TYPE = YES_ERROR;
				GCC_WARN_UNDECLARED_SELECTOR = YES;
				GCC_WARN_UNINITIALIZED_AUTOS = YES_AGGRESSIVE;
				GCC_WARN_UNUSED_FUNCTION = YES;
				GCC_WARN_UNUSED_VARIABLE = YES;
				IPHONEOS_DEPLOYMENT_TARGET = 12.1;
				MTL_ENABLE_DEBUG_INFO = NO;
				MTL_FAST_MATH = YES;
				SDKROOT = iphoneos;
				SWIFT_COMPILATION_MODE = wholemodule;
				SWIFT_OPTIMIZATION_LEVEL = "-O";
				VALIDATE_PRODUCT = YES;
			};
			name = Release;
		};
		CCE9BB5D2205DC900065535A /* Debug */ = {
			isa = XCBuildConfiguration;
			buildSettings = {
				ASSETCATALOG_COMPILER_APPICON_NAME = AppIcon;
				CODE_SIGN_STYLE = Automatic;
				INFOPLIST_FILE = 2048/Info.plist;
				LD_RUNPATH_SEARCH_PATHS = (
					"$(inherited)",
					"@executable_path/Frameworks",
				);
				PRODUCT_BUNDLE_IDENTIFIER = "Binghamton.-048";
				PRODUCT_NAME = "$(TARGET_NAME)";
				SWIFT_VERSION = 4.2;
				TARGETED_DEVICE_FAMILY = "1,2";
			};
			name = Debug;
		};
		CCE9BB5E2205DC900065535A /* Release */ = {
			isa = XCBuildConfiguration;
			buildSettings = {
				ASSETCATALOG_COMPILER_APPICON_NAME = AppIcon;
				CODE_SIGN_STYLE = Automatic;
				INFOPLIST_FILE = 2048/Info.plist;
				LD_RUNPATH_SEARCH_PATHS = (
					"$(inherited)",
					"@executable_path/Frameworks",
				);
				PRODUCT_BUNDLE_IDENTIFIER = "Binghamton.-048";
				PRODUCT_NAME = "$(TARGET_NAME)";
				SWIFT_VERSION = 4.2;
				TARGETED_DEVICE_FAMILY = "1,2";
			};
			name = Release;
		};
/* End XCBuildConfiguration section */

/* Begin XCConfigurationList section */
		CCE9BB452205DC8F0065535A /* Build configuration list for PBXProject "2048" */ = {
			isa = XCConfigurationList;
			buildConfigurations = (
				CCE9BB5A2205DC900065535A /* Debug */,
				CCE9BB5B2205DC900065535A /* Release */,
			);
			defaultConfigurationIsVisible = 0;
			defaultConfigurationName = Release;
		};
		CCE9BB5C2205DC900065535A /* Build configuration list for PBXNativeTarget "2048" */ = {
			isa = XCConfigurationList;
			buildConfigurations = (
				CCE9BB5D2205DC900065535A /* Debug */,
				CCE9BB5E2205DC900065535A /* Release */,
			);
			defaultConfigurationIsVisible = 0;
			defaultConfigurationName = Release;
		};
/* End XCConfigurationList section */
	};
	rootObject = CCE9BB422205DC8F0065535A /* Project object */;
}
